// !$*UTF8*$!
{
	archiveVersion = 1;
	classes = {
	};
	objectVersion = 50;
	objects = {

/* Begin PBXBuildFile section */
		BFE619BD255F91EB0029004C /* AppDelegate.swift in Sources */ = {isa = PBXBuildFile; fileRef = BFE619BC255F91EB0029004C /* AppDelegate.swift */; };
		BFE619BF255F91EB0029004C /* SceneDelegate.swift in Sources */ = {isa = PBXBuildFile; fileRef = BFE619BE255F91EB0029004C /* SceneDelegate.swift */; };
		BFE619C1255F91EB0029004C /* ViewController.swift in Sources */ = {isa = PBXBuildFile; fileRef = BFE619C0255F91EB0029004C /* ViewController.swift */; };
		BFE619C4255F91EB0029004C /* Main.storyboard in Resources */ = {isa = PBXBuildFile; fileRef = BFE619C2255F91EB0029004C /* Main.storyboard */; };
		BFE619C6255F91EC0029004C /* Assets.xcassets in Resources */ = {isa = PBXBuildFile; fileRef = BFE619C5255F91EC0029004C /* Assets.xcassets */; };
		BFE619C9255F91EC0029004C /* LaunchScreen.storyboard in Resources */ = {isa = PBXBuildFile; fileRef = BFE619C7255F91EC0029004C /* LaunchScreen.storyboard */; };
/* End PBXBuildFile section */

/* Begin PBXFileReference section */
		BFE619B9255F91EB0029004C /* SLDiningInfo-starter_code.app */ = {isa = PBXFileReference; explicitFileType = wrapper.application; includeInIndex = 0; path = "SLDiningInfo-starter_code.app"; sourceTree = BUILT_PRODUCTS_DIR; };
		BFE619BC255F91EB0029004C /* AppDelegate.swift */ = {isa = PBXFileReference; lastKnownFileType = sourcecode.swift; path = AppDelegate.swift; sourceTree = "<group>"; };
		BFE619BE255F91EB0029004C /* SceneDelegate.swift */ = {isa = PBXFileReference; lastKnownFileType = sourcecode.swift; path = SceneDelegate.swift; sourceTree = "<group>"; };
		BFE619C0255F91EB0029004C /* ViewController.swift */ = {isa = PBXFileReference; lastKnownFileType = sourcecode.swift; path = ViewController.swift; sourceTree = "<group>"; };
		BFE619C3255F91EB0029004C /* Base */ = {isa = PBXFileReference; lastKnownFileType = file.storyboard; name = Base; path = Base.lproj/Main.storyboard; sourceTree = "<group>"; };
		BFE619C5255F91EC0029004C /* Assets.xcassets */ = {isa = PBXFileReference; lastKnownFileType = folder.assetcatalog; path = Assets.xcassets; sourceTree = "<group>"; };
		BFE619C8255F91EC0029004C /* Base */ = {isa = PBXFileReference; lastKnownFileType = file.storyboard; name = Base; path = Base.lproj/LaunchScreen.storyboard; sourceTree = "<group>"; };
		BFE619CA255F91EC0029004C /* Info.plist */ = {isa = PBXFileReference; lastKnownFileType = text.plist.xml; path = Info.plist; sourceTree = "<group>"; };
/* End PBXFileReference section */

/* Begin PBXFrameworksBuildPhase section */
		BFE619B6255F91EB0029004C /* Frameworks */ = {
			isa = PBXFrameworksBuildPhase;
			buildActionMask = 2147483647;
			files = (
			);
			runOnlyForDeploymentPostprocessing = 0;
		};
/* End PBXFrameworksBuildPhase section */

/* Begin PBXGroup section */
		BFE619B0255F91EB0029004C = {
			isa = PBXGroup;
			children = (
				BFE619BB255F91EB0029004C /* SLDiningInfo-starter_code */,
				BFE619BA255F91EB0029004C /* Products */,
			);
			sourceTree = "<group>";
		};
		BFE619BA255F91EB0029004C /* Products */ = {
			isa = PBXGroup;
			children = (
				BFE619B9255F91EB0029004C /* SLDiningInfo-starter_code.app */,
			);
			name = Products;
			sourceTree = "<group>";
		};
		BFE619BB255F91EB0029004C /* SLDiningInfo-starter_code */ = {
			isa = PBXGroup;
			children = (
				BFE619BC255F91EB0029004C /* AppDelegate.swift */,
				BFE619BE255F91EB0029004C /* SceneDelegate.swift */,
				BFE619C0255F91EB0029004C /* ViewController.swift */,
				BFE619C2255F91EB0029004C /* Main.storyboard */,
				BFE619C5255F91EC0029004C /* Assets.xcassets */,
				BFE619C7255F91EC0029004C /* LaunchScreen.storyboard */,
				BFE619CA255F91EC0029004C /* Info.plist */,
			);
			path = "SLDiningInfo-starter_code";
			sourceTree = "<group>";
		};
/* End PBXGroup section */

/* Begin PBXNativeTarget section */
		BFE619B8255F91EB0029004C /* SLDiningInfo-starter_code */ = {
			isa = PBXNativeTarget;
			buildConfigurationList = BFE619CD255F91EC0029004C /* Build configuration list for PBXNativeTarget "SLDiningInfo-starter_code" */;
			buildPhases = (
				BFE619B5255F91EB0029004C /* Sources */,
				BFE619B6255F91EB0029004C /* Frameworks */,
				BFE619B7255F91EB0029004C /* Resources */,
			);
			buildRules = (
			);
			dependencies = (
			);
			name = "SLDiningInfo-starter_code";
			productName = "SLDiningInfo-starter_code";
			productReference = BFE619B9255F91EB0029004C /* SLDiningInfo-starter_code.app */;
			productType = "com.apple.product-type.application";
		};
/* End PBXNativeTarget section */

/* Begin PBXProject section */
		BFE619B1255F91EB0029004C /* Project object */ = {
			isa = PBXProject;
			attributes = {
				LastSwiftUpdateCheck = 1130;
				LastUpgradeCheck = 1130;
				ORGANIZATIONNAME = "Olivia Corrodi";
				TargetAttributes = {
					BFE619B8255F91EB0029004C = {
						CreatedOnToolsVersion = 11.3.1;
					};
				};
			};
			buildConfigurationList = BFE619B4255F91EB0029004C /* Build configuration list for PBXProject "SLDiningInfo-starter_code" */;
			compatibilityVersion = "Xcode 9.3";
			developmentRegion = en;
			hasScannedForEncodings = 0;
			knownRegions = (
				en,
				Base,
			);
			mainGroup = BFE619B0255F91EB0029004C;
			productRefGroup = BFE619BA255F91EB0029004C /* Products */;
			projectDirPath = "";
			projectRoot = "";
			targets = (
				BFE619B8255F91EB0029004C /* SLDiningInfo-starter_code */,
			);
		};
/* End PBXProject section */

/* Begin PBXResourcesBuildPhase section */
		BFE619B7255F91EB0029004C /* Resources */ = {
			isa = PBXResourcesBuildPhase;
			buildActionMask = 2147483647;
			files = (
				BFE619C9255F91EC0029004C /* LaunchScreen.storyboard in Resources */,
				BFE619C6255F91EC0029004C /* Assets.xcassets in Resources */,
				BFE619C4255F91EB0029004C /* Main.storyboard in Resources */,
			);
			runOnlyForDeploymentPostprocessing = 0;
		};
/* End PBXResourcesBuildPhase section */

/* Begin PBXSourcesBuildPhase section */
		BFE619B5255F91EB0029004C /* Sources */ = {
			isa = PBXSourcesBuildPhase;
			buildActionMask = 2147483647;
			files = (
				BFE619C1255F91EB0029004C /* ViewController.swift in Sources */,
				BFE619BD255F91EB0029004C /* AppDelegate.swift in Sources */,
				BFE619BF255F91EB0029004C /* SceneDelegate.swift in Sources */,
			);
			runOnlyForDeploymentPostprocessing = 0;
		};
/* End PBXSourcesBuildPhase section */

/* Begin PBXVariantGroup section */
		BFE619C2255F91EB0029004C /* Main.storyboard */ = {
			isa = PBXVariantGroup;
			children = (
				BFE619C3255F91EB0029004C /* Base */,
			);
			name = Main.storyboard;
			sourceTree = "<group>";
		};
		BFE619C7255F91EC0029004C /* LaunchScreen.storyboard */ = {
			isa = PBXVariantGroup;
			children = (
				BFE619C8255F91EC0029004C /* Base */,
			);
			name = LaunchScreen.storyboard;
			sourceTree = "<group>";
		};
/* End PBXVariantGroup section */

/* Begin XCBuildConfiguration section */
		BFE619CB255F91EC0029004C /* Debug */ = {
			isa = XCBuildConfiguration;
			buildSettings = {
				ALWAYS_SEARCH_USER_PATHS = NO;
				CLANG_ANALYZER_NONNULL = YES;
				CLANG_ANALYZER_NUMBER_OBJECT_CONVERSION = YES_AGGRESSIVE;
				CLANG_CXX_LANGUAGE_STANDARD = "gnu++14";
				CLANG_CXX_LIBRARY = "libc++";
				CLANG_ENABLE_MODULES = YES;
				CLANG_ENABLE_OBJC_ARC = YES;
				CLANG_ENABLE_OBJC_WEAK = YES;
				CLANG_WARN_BLOCK_CAPTURE_AUTORELEASING = YES;
				CLANG_WARN_BOOL_CONVERSION = YES;
				CLANG_WARN_COMMA = YES;
				CLANG_WARN_CONSTANT_CONVERSION = YES;
				CLANG_WARN_DEPRECATED_OBJC_IMPLEMENTATIONS = YES;
				CLANG_WARN_DIRECT_OBJC_ISA_USAGE = YES_ERROR;
				CLANG_WARN_DOCUMENTATION_COMMENTS = YES;
				CLANG_WARN_EMPTY_BODY = YES;
				CLANG_WARN_ENUM_CONVERSION = YES;
				CLANG_WARN_INFINITE_RECURSION = YES;
				CLANG_WARN_INT_CONVERSION = YES;
				CLANG_WARN_NON_LITERAL_NULL_CONVERSION = YES;
				CLANG_WARN_OBJC_IMPLICIT_RETAIN_SELF = YES;
				CLANG_WARN_OBJC_LITERAL_CONVERSION = YES;
				CLANG_WARN_OBJC_ROOT_CLASS = YES_ERROR;
				CLANG_WARN_RANGE_LOOP_ANALYSIS = YES;
				CLANG_WARN_STRICT_PROTOTYPES = YES;
				CLANG_WARN_SUSPICIOUS_MOVE = YES;
				CLANG_WARN_UNGUARDED_AVAILABILITY = YES_AGGRESSIVE;
				CLANG_WARN_UNREACHABLE_CODE = YES;
				CLANG_WARN__DUPLICATE_METHOD_MATCH = YES;
				COPY_PHASE_STRIP = NO;
				DEBUG_INFORMATION_FORMAT = dwarf;
				ENABLE_STRICT_OBJC_MSGSEND = YES;
				ENABLE_TESTABILITY = YES;
				GCC_C_LANGUAGE_STANDARD = gnu11;
				GCC_DYNAMIC_NO_PIC = NO;
				GCC_NO_COMMON_BLOCKS = YES;
				GCC_OPTIMIZATION_LEVEL = 0;
				GCC_PREPROCESSOR_DEFINITIONS = (
					"DEBUG=1",
					"$(inherited)",
				);
				GCC_WARN_64_TO_32_BIT_CONVERSION = YES;
				GCC_WARN_ABOUT_RETURN_TYPE = YES_ERROR;
				GCC_WARN_UNDECLARED_SELECTOR = YES;
				GCC_WARN_UNINITIALIZED_AUTOS = YES_AGGRESSIVE;
				GCC_WARN_UNUSED_FUNCTION = YES;
				GCC_WARN_UNUSED_VARIABLE = YES;
				IPHONEOS_DEPLOYMENT_TARGET = 13.2;
				MTL_ENABLE_DEBUG_INFO = INCLUDE_SOURCE;
				MTL_FAST_MATH = YES;
				ONLY_ACTIVE_ARCH = YES;
				SDKROOT = iphoneos;
				SWIFT_ACTIVE_COMPILATION_CONDITIONS = DEBUG;
				SWIFT_OPTIMIZATION_LEVEL = "-Onone";
			};
			name = Debug;
		};
		BFE619CC255F91EC0029004C /* Release */ = {
			isa = XCBuildConfiguration;
			buildSettings = {
				ALWAYS_SEARCH_USER_PATHS = NO;
				CLANG_ANALYZER_NONNULL = YES;
				CLANG_ANALYZER_NUMBER_OBJECT_CONVERSION = YES_AGGRESSIVE;
				CLANG_CXX_LANGUAGE_STANDARD = "gnu++14";
				CLANG_CXX_LIBRARY = "libc++";
				CLANG_ENABLE_MODULES = YES;
				CLANG_ENABLE_OBJC_ARC = YES;
				CLANG_ENABLE_OBJC_WEAK = YES;
				CLANG_WARN_BLOCK_CAPTURE_AUTORELEASING = YES;
				CLANG_WARN_BOOL_CONVERSION = YES;
				CLANG_WARN_COMMA = YES;
				CLANG_WARN_CONSTANT_CONVERSION = YES;
				CLANG_WARN_DEPRECATED_OBJC_IMPLEMENTATIONS = YES;
				CLANG_WARN_DIRECT_OBJC_ISA_USAGE = YES_ERROR;
				CLANG_WARN_DOCUMENTATION_COMMENTS = YES;
				CLANG_WARN_EMPTY_BODY = YES;
				CLANG_WARN_ENUM_CONVERSION = YES;
				CLANG_WARN_INFINITE_RECURSION = YES;
				CLANG_WARN_INT_CONVERSION = YES;
				CLANG_WARN_NON_LITERAL_NULL_CONVERSION = YES;
				CLANG_WARN_OBJC_IMPLICIT_RETAIN_SELF = YES;
				CLANG_WARN_OBJC_LITERAL_CONVERSION = YES;
				CLANG_WARN_OBJC_ROOT_CLASS = YES_ERROR;
				CLANG_WARN_RANGE_LOOP_ANALYSIS = YES;
				CLANG_WARN_STRICT_PROTOTYPES = YES;
				CLANG_WARN_SUSPICIOUS_MOVE = YES;
				CLANG_WARN_UNGUARDED_AVAILABILITY = YES_AGGRESSIVE;
				CLANG_WARN_UNREACHABLE_CODE = YES;
				CLANG_WARN__DUPLICATE_METHOD_MATCH = YES;
				COPY_PHASE_STRIP = NO;
				DEBUG_INFORMATION_FORMAT = "dwarf-with-dsym";
				ENABLE_NS_ASSERTIONS = NO;
				ENABLE_STRICT_OBJC_MSGSEND = YES;
				GCC_C_LANGUAGE_STANDARD = gnu11;
				GCC_NO_COMMON_BLOCKS = YES;
				GCC_WARN_64_TO_32_BIT_CONVERSION = YES;
				GCC_WARN_ABOUT_RETURN_TYPE = YES_ERROR;
				GCC_WARN_UNDECLARED_SELECTOR = YES;
				GCC_WARN_UNINITIALIZED_AUTOS = YES_AGGRESSIVE;
				GCC_WARN_UNUSED_FUNCTION = YES;
				GCC_WARN_UNUSED_VARIABLE = YES;
				IPHONEOS_DEPLOYMENT_TARGET = 13.2;
				MTL_ENABLE_DEBUG_INFO = NO;
				MTL_FAST_MATH = YES;
				SDKROOT = iphoneos;
				SWIFT_COMPILATION_MODE = wholemodule;
				SWIFT_OPTIMIZATION_LEVEL = "-O";
				VALIDATE_PRODUCT = YES;
			};
			name = Release;
		};
		BFE619CE255F91EC0029004C /* Debug */ = {
			isa = XCBuildConfiguration;
			buildSettings = {
				ASSETCATALOG_COMPILER_APPICON_NAME = AppIcon;
				CODE_SIGN_STYLE = Automatic;
				DEVELOPMENT_TEAM = 6H25GX37P8;
				INFOPLIST_FILE = "SLDiningInfo-starter_code/Info.plist";
				LD_RUNPATH_SEARCH_PATHS = (
					"$(inherited)",
					"@executable_path/Frameworks",
				);
				PRODUCT_BUNDLE_IDENTIFIER = "edu.cmu.olc.SLDiningInfo-starter-code";
				PRODUCT_NAME = "$(TARGET_NAME)";
				SWIFT_VERSION = 5.0;
				TARGETED_DEVICE_FAMILY = "1,2";
			};
			name = Debug;
		};
		BFE619CF255F91EC0029004C /* Release */ = {
			isa = XCBuildConfiguration;
			buildSettings = {
				ASSETCATALOG_COMPILER_APPICON_NAME = AppIcon;
				CODE_SIGN_STYLE = Automatic;
				DEVELOPMENT_TEAM = 6H25GX37P8;
				INFOPLIST_FILE = "SLDiningInfo-starter_code/Info.plist";
				LD_RUNPATH_SEARCH_PATHS = (
					"$(inherited)",
					"@executable_path/Frameworks",
				);
				PRODUCT_BUNDLE_IDENTIFIER = "edu.cmu.olc.SLDiningInfo-starter-code";
				PRODUCT_NAME = "$(TARGET_NAME)";
				SWIFT_VERSION = 5.0;
				TARGETED_DEVICE_FAMILY = "1,2";
			};
			name = Release;
		};
/* End XCBuildConfiguration section */

/* Begin XCConfigurationList section */
		BFE619B4255F91EB0029004C /* Build configuration list for PBXProject "SLDiningInfo-starter_code" */ = {
			isa = XCConfigurationList;
			buildConfigurations = (
				BFE619CB255F91EC0029004C /* Debug */,
				BFE619CC255F91EC0029004C /* Release */,
			);
			defaultConfigurationIsVisible = 0;
			defaultConfigurationName = Release;
		};
		BFE619CD255F91EC0029004C /* Build configuration list for PBXNativeTarget "SLDiningInfo-starter_code" */ = {
			isa = XCConfigurationList;
			buildConfigurations = (
				BFE619CE255F91EC0029004C /* Debug */,
				BFE619CF255F91EC0029004C /* Release */,
			);
			defaultConfigurationIsVisible = 0;
			defaultConfigurationName = Release;
		};
/* End XCConfigurationList section */
	};
	rootObject = BFE619B1255F91EB0029004C /* Project object */;
}
